
Microsoft Visual Studio Solution File, Format Version 12.00
# Visual Studio 15
Project("{FAE04EC0-301F-11D3-BF4B-00C04F79EFBC}") = "CollectionViewFooterRefreshViewRepro.iOS", "CollectionViewFooterRefreshViewRepro.iOS\CollectionViewFooterRefreshViewRepro.iOS.csproj", "{9D72A7A5-7D1F-4FA5-BE70-7AA96D3C3BA8}"
EndProject
Project("{FAE04EC0-301F-11D3-BF4B-00C04F79EFBC}") = "CollectionViewFooterRefreshViewRepro", "CollectionViewFooterRefreshViewRepro\CollectionViewFooterRefreshViewRepro.csproj", "{23CE5DD6-61E1-451D-BF49-A99693E37447}"
EndProject
Global
	GlobalSection(SolutionConfigurationPlatforms) = preSolution
		Debug|Any CPU = Debug|Any CPU
		Release|Any CPU = Release|Any CPU
		Debug|iPhoneSimulator = Debug|iPhoneSimulator
		Release|iPhoneSimulator = Release|iPhoneSimulator
		Debug|iPhone = Debug|iPhone
		Release|iPhone = Release|iPhone
	EndGlobalSection
	GlobalSection(ProjectConfigurationPlatforms) = postSolution
		{9D72A7A5-7D1F-4FA5-BE70-7AA96D3C3BA8}.Debug|Any CPU.ActiveCfg = Debug|iPhoneSimulator
		{9D72A7A5-7D1F-4FA5-BE70-7AA96D3C3BA8}.Debug|Any CPU.Build.0 = Debug|iPhoneSimulator
		{9D72A7A5-7D1F-4FA5-BE70-7AA96D3C3BA8}.Release|Any CPU.ActiveCfg = Release|iPhoneSimulator
		{9D72A7A5-7D1F-4FA5-BE70-7AA96D3C3BA8}.Release|Any CPU.Build.0 = Release|iPhoneSimulator
		{9D72A7A5-7D1F-4FA5-BE70-7AA96D3C3BA8}.Debug|iPhoneSimulator.ActiveCfg = Debug|iPhoneSimulator
		{9D72A7A5-7D1F-4FA5-BE70-7AA96D3C3BA8}.Debug|iPhoneSimulator.Build.0 = Debug|iPhoneSimulator
		{9D72A7A5-7D1F-4FA5-BE70-7AA96D3C3BA8}.Release|iPhoneSimulator.ActiveCfg = Release|iPhoneSimulator
		{9D72A7A5-7D1F-4FA5-BE70-7AA96D3C3BA8}.Release|iPhoneSimulator.Build.0 = Release|iPhoneSimulator
		{9D72A7A5-7D1F-4FA5-BE70-7AA96D3C3BA8}.Debug|iPhone.ActiveCfg = Debug|iPhone
		{9D72A7A5-7D1F-4FA5-BE70-7AA96D3C3BA8}.Debug|iPhone.Build.0 = Debug|iPhone
		{9D72A7A5-7D1F-4FA5-BE70-7AA96D3C3BA8}.Release|iPhone.ActiveCfg = Release|iPhone
		{9D72A7A5-7D1F-4FA5-BE70-7AA96D3C3BA8}.Release|iPhone.Build.0 = Release|iPhone
		{23CE5DD6-61E1-451D-BF49-A99693E37447}.Debug|Any CPU.ActiveCfg = Debug|Any CPU
		{23CE5DD6-61E1-451D-BF49-A99693E37447}.Debug|Any CPU.Build.0 = Debug|Any CPU
		{23CE5DD6-61E1-451D-BF49-A99693E37447}.Release|Any CPU.ActiveCfg = Release|Any CPU
		{23CE5DD6-61E1-451D-BF49-A99693E37447}.Release|Any CPU.Build.0 = Release|Any CPU
		{23CE5DD6-61E1-451D-BF49-A99693E37447}.Debug|iPhoneSimulator.ActiveCfg = Debug|Any CPU
		{23CE5DD6-61E1-451D-BF49-A99693E37447}.Debug|iPhoneSimulator.Build.0 = Debug|Any CPU
		{23CE5DD6-61E1-451D-BF49-A99693E37447}.Release|iPhoneSimulator.ActiveCfg = Release|Any CPU
		{23CE5DD6-61E1-451D-BF49-A99693E37447}.Release|iPhoneSimulator.Build.0 = Release|Any CPU
		{23CE5DD6-61E1-451D-BF49-A99693E37447}.Debug|iPhone.ActiveCfg = Debug|Any CPU
		{23CE5DD6-61E1-451D-BF49-A99693E37447}.Debug|iPhone.Build.0 = Debug|Any CPU
		{23CE5DD6-61E1-451D-BF49-A99693E37447}.Release|iPhone.ActiveCfg = Release|Any CPU
		{23CE5DD6-61E1-451D-BF49-A99693E37447}.Release|iPhone.Build.0 = Release|Any CPU
	EndGlobalSection
EndGlobal
